
Microsoft Visual Studio Solution File, Format Version 12.00
# Visual Studio Version 17
VisualStudioVersion = 17.7.34024.191
MinimumVisualStudioVersion = 10.0.40219.1
Project("{FAE04EC0-301F-11D3-BF4B-00C04F79EFBC}") = "Klavyeden  Girilen  3 Değeri Çarpan Uygulama", "Klavyeden  Girilen  3 Değeri Çarpan Uygulama.csproj", "{541BC1CD-BDCD-4698-9809-908339F582A4}"
EndProject
Global
	GlobalSection(SolutionConfigurationPlatforms) = preSolution
		Debug|Any CPU = Debug|Any CPU
		Release|Any CPU = Release|Any CPU
	EndGlobalSection
	GlobalSection(ProjectConfigurationPlatforms) = postSolution
		{541BC1CD-BDCD-4698-9809-908339F582A4}.Debug|Any CPU.ActiveCfg = Debug|Any CPU
		{541BC1CD-BDCD-4698-9809-908339F582A4}.Debug|Any CPU.Build.0 = Debug|Any CPU
		{541BC1CD-BDCD-4698-9809-908339F582A4}.Release|Any CPU.ActiveCfg = Release|Any CPU
		{541BC1CD-BDCD-4698-9809-908339F582A4}.Release|Any CPU.Build.0 = Release|Any CPU
	EndGlobalSection
	GlobalSection(SolutionProperties) = preSolution
		HideSolutionNode = FALSE
	EndGlobalSection
	GlobalSection(ExtensibilityGlobals) = postSolution
		SolutionGuid = {7913F26D-CD3C-4F31-A638-0A3004ECFB3C}
	EndGlobalSection
EndGlobal
